
Microsoft Visual Studio Solution File, Format Version 12.00
# Visual Studio Version 17
VisualStudioVersion = 17.2.32630.192
MinimumVisualStudioVersion = 10.0.40219.1
Project("{FAE04EC0-301F-11D3-BF4B-00C04F79EFBC}") = "datagrid veiw 21_9_22", "datagrid veiw 21_9_22\datagrid veiw 21_9_22.csproj", "{371573D9-8E18-4F71-9BB4-3985CB64EDDB}"
EndProject
Global
	GlobalSection(SolutionConfigurationPlatforms) = preSolution
		Debug|Any CPU = Debug|Any CPU
		Release|Any CPU = Release|Any CPU
	EndGlobalSection
	GlobalSection(ProjectConfigurationPlatforms) = postSolution
		{371573D9-8E18-4F71-9BB4-3985CB64EDDB}.Debug|Any CPU.ActiveCfg = Debug|Any CPU
		{371573D9-8E18-4F71-9BB4-3985CB64EDDB}.Debug|Any CPU.Build.0 = Debug|Any CPU
		{371573D9-8E18-4F71-9BB4-3985CB64EDDB}.Release|Any CPU.ActiveCfg = Release|Any CPU
		{371573D9-8E18-4F71-9BB4-3985CB64EDDB}.Release|Any CPU.Build.0 = Release|Any CPU
	EndGlobalSection
	GlobalSection(SolutionProperties) = preSolution
		HideSolutionNode = FALSE
	EndGlobalSection
	GlobalSection(ExtensibilityGlobals) = postSolution
		SolutionGuid = {C557D797-9B62-4030-A0E2-722CF122356F}
	EndGlobalSection
EndGlobal
