
Microsoft Visual Studio Solution File, Format Version 12.00
# Visual Studio Version 17
VisualStudioVersion = 17.2.32630.192
MinimumVisualStudioVersion = 10.0.40219.1
Project("{FAE04EC0-301F-11D3-BF4B-00C04F79EFBC}") = "print name", "print name\print name.csproj", "{6FA39E9E-A259-4671-95CA-A9D9F9994C7B}"
EndProject
Global
	GlobalSection(SolutionConfigurationPlatforms) = preSolution
		Debug|Any CPU = Debug|Any CPU
		Release|Any CPU = Release|Any CPU
	EndGlobalSection
	GlobalSection(ProjectConfigurationPlatforms) = postSolution
		{6FA39E9E-A259-4671-95CA-A9D9F9994C7B}.Debug|Any CPU.ActiveCfg = Debug|Any CPU
		{6FA39E9E-A259-4671-95CA-A9D9F9994C7B}.Debug|Any CPU.Build.0 = Debug|Any CPU
		{6FA39E9E-A259-4671-95CA-A9D9F9994C7B}.Release|Any CPU.ActiveCfg = Release|Any CPU
		{6FA39E9E-A259-4671-95CA-A9D9F9994C7B}.Release|Any CPU.Build.0 = Release|Any CPU
	EndGlobalSection
	GlobalSection(SolutionProperties) = preSolution
		HideSolutionNode = FALSE
	EndGlobalSection
	GlobalSection(ExtensibilityGlobals) = postSolution
		SolutionGuid = {9D9FA1E7-8EE9-4576-BCD8-9E8E7A9BA145}
	EndGlobalSection
EndGlobal
