
Microsoft Visual Studio Solution File, Format Version 12.00
# Visual Studio Version 17
VisualStudioVersion = 17.2.32630.192
MinimumVisualStudioVersion = 10.0.40219.1
Project("{FAE04EC0-301F-11D3-BF4B-00C04F79EFBC}") = "byte", "byte\byte.csproj", "{49DD7CB4-F82E-42CD-BC69-002CB9F6ED33}"
EndProject
Global
	GlobalSection(SolutionConfigurationPlatforms) = preSolution
		Debug|Any CPU = Debug|Any CPU
		Release|Any CPU = Release|Any CPU
	EndGlobalSection
	GlobalSection(ProjectConfigurationPlatforms) = postSolution
		{49DD7CB4-F82E-42CD-BC69-002CB9F6ED33}.Debug|Any CPU.ActiveCfg = Debug|Any CPU
		{49DD7CB4-F82E-42CD-BC69-002CB9F6ED33}.Debug|Any CPU.Build.0 = Debug|Any CPU
		{49DD7CB4-F82E-42CD-BC69-002CB9F6ED33}.Release|Any CPU.ActiveCfg = Release|Any CPU
		{49DD7CB4-F82E-42CD-BC69-002CB9F6ED33}.Release|Any CPU.Build.0 = Release|Any CPU
	EndGlobalSection
	GlobalSection(SolutionProperties) = preSolution
		HideSolutionNode = FALSE
	EndGlobalSection
	GlobalSection(ExtensibilityGlobals) = postSolution
		SolutionGuid = {D9B315D5-5132-4287-9066-DC905C30592F}
	EndGlobalSection
EndGlobal
