
Microsoft Visual Studio Solution File, Format Version 12.00
# Visual Studio Version 17
VisualStudioVersion = 17.2.32630.192
MinimumVisualStudioVersion = 10.0.40219.1
Project("{FAE04EC0-301F-11D3-BF4B-00C04F79EFBC}") = "A1_Q2_number even or odd use if else", "A1_Q2_number even or odd use if else\A1_Q2_number even or odd use if else.csproj", "{8E0271E8-F41F-4101-B0C1-5F970A425484}"
EndProject
Global
	GlobalSection(SolutionConfigurationPlatforms) = preSolution
		Debug|Any CPU = Debug|Any CPU
		Release|Any CPU = Release|Any CPU
	EndGlobalSection
	GlobalSection(ProjectConfigurationPlatforms) = postSolution
		{8E0271E8-F41F-4101-B0C1-5F970A425484}.Debug|Any CPU.ActiveCfg = Debug|Any CPU
		{8E0271E8-F41F-4101-B0C1-5F970A425484}.Debug|Any CPU.Build.0 = Debug|Any CPU
		{8E0271E8-F41F-4101-B0C1-5F970A425484}.Release|Any CPU.ActiveCfg = Release|Any CPU
		{8E0271E8-F41F-4101-B0C1-5F970A425484}.Release|Any CPU.Build.0 = Release|Any CPU
	EndGlobalSection
	GlobalSection(SolutionProperties) = preSolution
		HideSolutionNode = FALSE
	EndGlobalSection
	GlobalSection(ExtensibilityGlobals) = postSolution
		SolutionGuid = {D87A4C69-3B5A-478D-9EFA-FC5935F4EABA}
	EndGlobalSection
EndGlobal
