
Microsoft Visual Studio Solution File, Format Version 12.00
# Visual Studio Version 17
VisualStudioVersion = 17.2.32630.192
MinimumVisualStudioVersion = 10.0.40219.1
Project("{FAE04EC0-301F-11D3-BF4B-00C04F79EFBC}") = "add 2 number", "add 2 number\add 2 number.csproj", "{FF3A7EE4-E88D-425C-A53C-0271E078F5D3}"
EndProject
Global
	GlobalSection(SolutionConfigurationPlatforms) = preSolution
		Debug|Any CPU = Debug|Any CPU
		Release|Any CPU = Release|Any CPU
	EndGlobalSection
	GlobalSection(ProjectConfigurationPlatforms) = postSolution
		{FF3A7EE4-E88D-425C-A53C-0271E078F5D3}.Debug|Any CPU.ActiveCfg = Debug|Any CPU
		{FF3A7EE4-E88D-425C-A53C-0271E078F5D3}.Debug|Any CPU.Build.0 = Debug|Any CPU
		{FF3A7EE4-E88D-425C-A53C-0271E078F5D3}.Release|Any CPU.ActiveCfg = Release|Any CPU
		{FF3A7EE4-E88D-425C-A53C-0271E078F5D3}.Release|Any CPU.Build.0 = Release|Any CPU
	EndGlobalSection
	GlobalSection(SolutionProperties) = preSolution
		HideSolutionNode = FALSE
	EndGlobalSection
	GlobalSection(ExtensibilityGlobals) = postSolution
		SolutionGuid = {DF512811-CB35-4673-B766-1AD3036FB1A3}
	EndGlobalSection
EndGlobal
