
Microsoft Visual Studio Solution File, Format Version 12.00
# Visual Studio Version 17
VisualStudioVersion = 17.2.32630.192
MinimumVisualStudioVersion = 10.0.40219.1
Project("{FAE04EC0-301F-11D3-BF4B-00C04F79EFBC}") = "print hello", "print hello\print hello.csproj", "{B2FC8ECA-4E0C-4DE5-BCB8-9DDDF2139C66}"
EndProject
Global
	GlobalSection(SolutionConfigurationPlatforms) = preSolution
		Debug|Any CPU = Debug|Any CPU
		Release|Any CPU = Release|Any CPU
	EndGlobalSection
	GlobalSection(ProjectConfigurationPlatforms) = postSolution
		{B2FC8ECA-4E0C-4DE5-BCB8-9DDDF2139C66}.Debug|Any CPU.ActiveCfg = Debug|Any CPU
		{B2FC8ECA-4E0C-4DE5-BCB8-9DDDF2139C66}.Debug|Any CPU.Build.0 = Debug|Any CPU
		{B2FC8ECA-4E0C-4DE5-BCB8-9DDDF2139C66}.Release|Any CPU.ActiveCfg = Release|Any CPU
		{B2FC8ECA-4E0C-4DE5-BCB8-9DDDF2139C66}.Release|Any CPU.Build.0 = Release|Any CPU
	EndGlobalSection
	GlobalSection(SolutionProperties) = preSolution
		HideSolutionNode = FALSE
	EndGlobalSection
	GlobalSection(ExtensibilityGlobals) = postSolution
		SolutionGuid = {E6AB4D2F-319A-488E-8BAF-A185177C2470}
	EndGlobalSection
EndGlobal
