
Microsoft Visual Studio Solution File, Format Version 12.00
# Visual Studio Version 17
VisualStudioVersion = 17.2.32630.192
MinimumVisualStudioVersion = 10.0.40219.1
Project("{FAE04EC0-301F-11D3-BF4B-00C04F79EFBC}") = "A1_Q1_equal or not using if else", "A1_Q1_equal or not using if else\A1_Q1_equal or not using if else.csproj", "{AA417FF3-6AA0-4005-9023-F4239F735135}"
EndProject
Global
	GlobalSection(SolutionConfigurationPlatforms) = preSolution
		Debug|Any CPU = Debug|Any CPU
		Release|Any CPU = Release|Any CPU
	EndGlobalSection
	GlobalSection(ProjectConfigurationPlatforms) = postSolution
		{AA417FF3-6AA0-4005-9023-F4239F735135}.Debug|Any CPU.ActiveCfg = Debug|Any CPU
		{AA417FF3-6AA0-4005-9023-F4239F735135}.Debug|Any CPU.Build.0 = Debug|Any CPU
		{AA417FF3-6AA0-4005-9023-F4239F735135}.Release|Any CPU.ActiveCfg = Release|Any CPU
		{AA417FF3-6AA0-4005-9023-F4239F735135}.Release|Any CPU.Build.0 = Release|Any CPU
	EndGlobalSection
	GlobalSection(SolutionProperties) = preSolution
		HideSolutionNode = FALSE
	EndGlobalSection
	GlobalSection(ExtensibilityGlobals) = postSolution
		SolutionGuid = {6B897650-42E2-43AC-818C-F476D668C96B}
	EndGlobalSection
EndGlobal
